
Microsoft Visual Studio Solution File, Format Version 12.00
# Visual Studio 15
VisualStudioVersion = 15.0.28307.1169
MinimumVisualStudioVersion = 10.0.40219.1
Project("{FAE04EC0-301F-11D3-BF4B-00C04F79EFBC}") = "ConsoleApp1", "ConsoleApp1\ConsoleApp1.csproj", "{FFC9F322-E623-4488-943E-22F8ED417FAC}"
EndProject
Global
	GlobalSection(SolutionConfigurationPlatforms) = preSolution
		Debug|Any CPU = Debug|Any CPU
		Release|Any CPU = Release|Any CPU
	EndGlobalSection
	GlobalSection(ProjectConfigurationPlatforms) = postSolution
		{FFC9F322-E623-4488-943E-22F8ED417FAC}.Debug|Any CPU.ActiveCfg = Debug|Any CPU
		{FFC9F322-E623-4488-943E-22F8ED417FAC}.Debug|Any CPU.Build.0 = Debug|Any CPU
		{FFC9F322-E623-4488-943E-22F8ED417FAC}.Release|Any CPU.ActiveCfg = Release|Any CPU
		{FFC9F322-E623-4488-943E-22F8ED417FAC}.Release|Any CPU.Build.0 = Release|Any CPU
	EndGlobalSection
	GlobalSection(SolutionProperties) = preSolution
		HideSolutionNode = FALSE
	EndGlobalSection
	GlobalSection(ExtensibilityGlobals) = postSolution
		SolutionGuid = {B07C417B-3C5C-4201-A5D3-22FCC4607B77}
	EndGlobalSection
EndGlobal
